{
  "pins" : [
    {
      "identity" : "perfect-crud",
      "kind" : "remoteSourceControl",
      "location" : "https://github.com/PerfectlySoft/Perfect-CRUD.git",
      "state" : {
        "revision" : "71c445eaaa94e5ce634aa11a6a1aa6544e786307",
        "version" : "2.0.0"
      }
    },
    {
      "identity" : "perfect-sqlite",
      "kind" : "remoteSourceControl",
      "location" : "https://github.com/RockfordWei/Perfect-SQLite",
      "state" : {
        "revision" : "069da90b4a6736392fa04013dddcdb6991362e6a",
        "version" : "5.1.0"
      }
    }
  ],
  "version" : 2
}
